
Microsoft Visual Studio Solution File, Format Version 12.00
# Visual Studio 15
VisualStudioVersion = 15.0.26124.0
MinimumVisualStudioVersion = 15.0.26124.0
Project("{FAE04EC0-301F-11D3-BF4B-00C04F79EFBC}") = "EDRConnector", "EDRConnector\EDRConnector.csproj", "{DE7AA536-0C42-4D3A-86E0-BE5014895CB1}"
EndProject
Project("{FAE04EC0-301F-11D3-BF4B-00C04F79EFBC}") = "EDRConnector.Tests", "EDRConnector.Tests\EDRConnector.Tests.csproj", "{46840C1B-3963-4A45-A957-6036A15A3CDB}"
EndProject
Global
	GlobalSection(SolutionConfigurationPlatforms) = preSolution
		Debug|Any CPU = Debug|Any CPU
		Debug|x64 = Debug|x64
		Debug|x86 = Debug|x86
		Release|Any CPU = Release|Any CPU
		Release|x64 = Release|x64
		Release|x86 = Release|x86
	EndGlobalSection
	GlobalSection(SolutionProperties) = preSolution
		HideSolutionNode = FALSE
	EndGlobalSection
	GlobalSection(ProjectConfigurationPlatforms) = postSolution
		{DE7AA536-0C42-4D3A-86E0-BE5014895CB1}.Debug|Any CPU.ActiveCfg = Debug|Any CPU
		{DE7AA536-0C42-4D3A-86E0-BE5014895CB1}.Debug|Any CPU.Build.0 = Debug|Any CPU
		{DE7AA536-0C42-4D3A-86E0-BE5014895CB1}.Debug|x64.ActiveCfg = Debug|Any CPU
		{DE7AA536-0C42-4D3A-86E0-BE5014895CB1}.Debug|x64.Build.0 = Debug|Any CPU
		{DE7AA536-0C42-4D3A-86E0-BE5014895CB1}.Debug|x86.ActiveCfg = Debug|Any CPU
		{DE7AA536-0C42-4D3A-86E0-BE5014895CB1}.Debug|x86.Build.0 = Debug|Any CPU
		{DE7AA536-0C42-4D3A-86E0-BE5014895CB1}.Release|Any CPU.ActiveCfg = Release|Any CPU
		{DE7AA536-0C42-4D3A-86E0-BE5014895CB1}.Release|Any CPU.Build.0 = Release|Any CPU
		{DE7AA536-0C42-4D3A-86E0-BE5014895CB1}.Release|x64.ActiveCfg = Release|Any CPU
		{DE7AA536-0C42-4D3A-86E0-BE5014895CB1}.Release|x64.Build.0 = Release|Any CPU
		{DE7AA536-0C42-4D3A-86E0-BE5014895CB1}.Release|x86.ActiveCfg = Release|Any CPU
		{DE7AA536-0C42-4D3A-86E0-BE5014895CB1}.Release|x86.Build.0 = Release|Any CPU
		{46840C1B-3963-4A45-A957-6036A15A3CDB}.Debug|Any CPU.ActiveCfg = Debug|Any CPU
		{46840C1B-3963-4A45-A957-6036A15A3CDB}.Debug|Any CPU.Build.0 = Debug|Any CPU
		{46840C1B-3963-4A45-A957-6036A15A3CDB}.Debug|x64.ActiveCfg = Debug|Any CPU
		{46840C1B-3963-4A45-A957-6036A15A3CDB}.Debug|x64.Build.0 = Debug|Any CPU
		{46840C1B-3963-4A45-A957-6036A15A3CDB}.Debug|x86.ActiveCfg = Debug|Any CPU
		{46840C1B-3963-4A45-A957-6036A15A3CDB}.Debug|x86.Build.0 = Debug|Any CPU
		{46840C1B-3963-4A45-A957-6036A15A3CDB}.Release|Any CPU.ActiveCfg = Release|Any CPU
		{46840C1B-3963-4A45-A957-6036A15A3CDB}.Release|Any CPU.Build.0 = Release|Any CPU
		{46840C1B-3963-4A45-A957-6036A15A3CDB}.Release|x64.ActiveCfg = Release|Any CPU
		{46840C1B-3963-4A45-A957-6036A15A3CDB}.Release|x64.Build.0 = Release|Any CPU
		{46840C1B-3963-4A45-A957-6036A15A3CDB}.Release|x86.ActiveCfg = Release|Any CPU
		{46840C1B-3963-4A45-A957-6036A15A3CDB}.Release|x86.Build.0 = Release|Any CPU
	EndGlobalSection
EndGlobal
